
Microsoft Visual Studio Solution File, Format Version 12.00
# Visual Studio 15
VisualStudioVersion = 15.0.28307.1062
MinimumVisualStudioVersion = 10.0.40219.1
Project("{9A19103F-16F7-4668-BE54-9A1E7A4F7556}") = "FizzBuzz.ConsoleApp", "FizzBuzz.ConsoleApp\FizzBuzz.ConsoleApp.csproj", "{D9224936-6831-4B40-BADE-3791618CDC95}"
EndProject
Project("{9A19103F-16F7-4668-BE54-9A1E7A4F7556}") = "FizzBuzz.Logic", "FizzBuzz.Logic\FizzBuzz.Logic.csproj", "{B6E4DC30-55C3-4568-B8E5-62D24F17BCB9}"
EndProject
Project("{9A19103F-16F7-4668-BE54-9A1E7A4F7556}") = "Fizzbuzz.Logic.Tests", "FizzBuzz.Logic.Tests\Fizzbuzz.Logic.Tests.csproj", "{A8C73FBD-7DE7-446C-813F-42A51642B55B}"
EndProject
Global
	GlobalSection(SolutionConfigurationPlatforms) = preSolution
		Debug|Any CPU = Debug|Any CPU
		Release|Any CPU = Release|Any CPU
	EndGlobalSection
	GlobalSection(ProjectConfigurationPlatforms) = postSolution
		{D9224936-6831-4B40-BADE-3791618CDC95}.Debug|Any CPU.ActiveCfg = Debug|Any CPU
		{D9224936-6831-4B40-BADE-3791618CDC95}.Debug|Any CPU.Build.0 = Debug|Any CPU
		{D9224936-6831-4B40-BADE-3791618CDC95}.Release|Any CPU.ActiveCfg = Release|Any CPU
		{D9224936-6831-4B40-BADE-3791618CDC95}.Release|Any CPU.Build.0 = Release|Any CPU
		{B6E4DC30-55C3-4568-B8E5-62D24F17BCB9}.Debug|Any CPU.ActiveCfg = Debug|Any CPU
		{B6E4DC30-55C3-4568-B8E5-62D24F17BCB9}.Debug|Any CPU.Build.0 = Debug|Any CPU
		{B6E4DC30-55C3-4568-B8E5-62D24F17BCB9}.Release|Any CPU.ActiveCfg = Release|Any CPU
		{B6E4DC30-55C3-4568-B8E5-62D24F17BCB9}.Release|Any CPU.Build.0 = Release|Any CPU
		{A8C73FBD-7DE7-446C-813F-42A51642B55B}.Debug|Any CPU.ActiveCfg = Debug|Any CPU
		{A8C73FBD-7DE7-446C-813F-42A51642B55B}.Debug|Any CPU.Build.0 = Debug|Any CPU
		{A8C73FBD-7DE7-446C-813F-42A51642B55B}.Release|Any CPU.ActiveCfg = Release|Any CPU
		{A8C73FBD-7DE7-446C-813F-42A51642B55B}.Release|Any CPU.Build.0 = Release|Any CPU
	EndGlobalSection
	GlobalSection(SolutionProperties) = preSolution
		HideSolutionNode = FALSE
	EndGlobalSection
	GlobalSection(ExtensibilityGlobals) = postSolution
		SolutionGuid = {AFA5B7F9-B532-4BA5-9E34-3BB86256DE9A}
	EndGlobalSection
EndGlobal
